
Microsoft Visual Studio Solution File, Format Version 12.00
# Visual Studio Version 17
VisualStudioVersion = 17.4.33205.214
MinimumVisualStudioVersion = 10.0.40219.1
Project("{9A19103F-16F7-4668-BE54-9A1E7A4F7556}") = "PhoneBook.Api", "PhoneBook123\PhoneBook.Api.csproj", "{CC2669C8-953E-4929-AAEE-D77EC1AA6236}"
EndProject
Global
	GlobalSection(SolutionConfigurationPlatforms) = preSolution
		Debug|Any CPU = Debug|Any CPU
		Release|Any CPU = Release|Any CPU
	EndGlobalSection
	GlobalSection(ProjectConfigurationPlatforms) = postSolution
		{CC2669C8-953E-4929-AAEE-D77EC1AA6236}.Debug|Any CPU.ActiveCfg = Debug|Any CPU
		{CC2669C8-953E-4929-AAEE-D77EC1AA6236}.Debug|Any CPU.Build.0 = Debug|Any CPU
		{CC2669C8-953E-4929-AAEE-D77EC1AA6236}.Release|Any CPU.ActiveCfg = Release|Any CPU
		{CC2669C8-953E-4929-AAEE-D77EC1AA6236}.Release|Any CPU.Build.0 = Release|Any CPU
	EndGlobalSection
	GlobalSection(SolutionProperties) = preSolution
		HideSolutionNode = FALSE
	EndGlobalSection
	GlobalSection(ExtensibilityGlobals) = postSolution
		SolutionGuid = {BFEB54CE-5915-491C-B39D-09852C3350C6}
	EndGlobalSection
EndGlobal
